
Microsoft Visual Studio Solution File, Format Version 12.00
# Visual Studio Version 17
VisualStudioVersion = 17.0.31903.59
MinimumVisualStudioVersion = 10.0.40219.1
Project("{2150E333-8FDC-42A3-9474-1A3956D46DE8}") = "src", "src", "{827E0CD3-B72D-47B6-A68D-7590B98EB39B}"
EndProject
Project("{FAE04EC0-301F-11D3-BF4B-00C04F79EFBC}") = "Quiz.WebApi", "src\Quiz.WebApi\Quiz.WebApi.csproj", "{1F601191-BD27-4BED-A243-1DC763F64FD5}"
EndProject
Project("{2150E333-8FDC-42A3-9474-1A3956D46DE8}") = "1 - Presentation", "1 - Presentation", "{69C0E1E7-F3C8-4E3B-BED7-96DC60B76E6B}"
EndProject
Project("{2150E333-8FDC-42A3-9474-1A3956D46DE8}") = "2 - Application", "2 - Application", "{C1934328-13A2-4A7B-B96A-9DECF5982C2A}"
EndProject
Project("{2150E333-8FDC-42A3-9474-1A3956D46DE8}") = "3 - Domain", "3 - Domain", "{6A7DE6B4-4391-468F-9722-4D6EEC8AAC9B}"
EndProject
Project("{2150E333-8FDC-42A3-9474-1A3956D46DE8}") = "4 - Infrastructure", "4 - Infrastructure", "{7D4DEF50-0D89-4FB4-8A25-7727325CE8BE}"
EndProject
Project("{2150E333-8FDC-42A3-9474-1A3956D46DE8}") = "test", "test", "{2FB38E42-FB65-475E-875D-FEA7A19B00FF}"
EndProject
Project("{2150E333-8FDC-42A3-9474-1A3956D46DE8}") = "Solution Items", "Solution Items", "{95B11203-92EA-4B92-9A4D-1AAF3F6DFE79}"
	ProjectSection(SolutionItems) = preProject
		README.md = README.md
		global.json = global.json
		nuget.config = nuget.config
		.gitignore = .gitignore
		Directory.Build.props = Directory.Build.props
		Directory.Build.targets = Directory.Build.targets
	EndProjectSection
EndProject
Project("{FAE04EC0-301F-11D3-BF4B-00C04F79EFBC}") = "Quiz.Domain", "src\Quiz.Domain\Quiz.Domain.csproj", "{697A5E8E-9A67-4507-AAB2-9504A09A9151}"
EndProject
Project("{FAE04EC0-301F-11D3-BF4B-00C04F79EFBC}") = "Quiz.Domain.Test", "test\Quiz.Domain.Test\Quiz.Domain.Test.csproj", "{B09C4858-9F34-46BF-9F62-BFB4FC06EE95}"
EndProject
Global
	GlobalSection(SolutionConfigurationPlatforms) = preSolution
		Debug|Any CPU = Debug|Any CPU
		Debug|x64 = Debug|x64
		Debug|x86 = Debug|x86
		Release|Any CPU = Release|Any CPU
		Release|x64 = Release|x64
		Release|x86 = Release|x86
	EndGlobalSection
	GlobalSection(ProjectConfigurationPlatforms) = postSolution
		{1F601191-BD27-4BED-A243-1DC763F64FD5}.Debug|Any CPU.ActiveCfg = Debug|Any CPU
		{1F601191-BD27-4BED-A243-1DC763F64FD5}.Debug|Any CPU.Build.0 = Debug|Any CPU
		{1F601191-BD27-4BED-A243-1DC763F64FD5}.Debug|x64.ActiveCfg = Debug|Any CPU
		{1F601191-BD27-4BED-A243-1DC763F64FD5}.Debug|x64.Build.0 = Debug|Any CPU
		{1F601191-BD27-4BED-A243-1DC763F64FD5}.Debug|x86.ActiveCfg = Debug|Any CPU
		{1F601191-BD27-4BED-A243-1DC763F64FD5}.Debug|x86.Build.0 = Debug|Any CPU
		{1F601191-BD27-4BED-A243-1DC763F64FD5}.Release|Any CPU.ActiveCfg = Release|Any CPU
		{1F601191-BD27-4BED-A243-1DC763F64FD5}.Release|Any CPU.Build.0 = Release|Any CPU
		{1F601191-BD27-4BED-A243-1DC763F64FD5}.Release|x64.ActiveCfg = Release|Any CPU
		{1F601191-BD27-4BED-A243-1DC763F64FD5}.Release|x64.Build.0 = Release|Any CPU
		{1F601191-BD27-4BED-A243-1DC763F64FD5}.Release|x86.ActiveCfg = Release|Any CPU
		{1F601191-BD27-4BED-A243-1DC763F64FD5}.Release|x86.Build.0 = Release|Any CPU
		{697A5E8E-9A67-4507-AAB2-9504A09A9151}.Debug|Any CPU.ActiveCfg = Debug|Any CPU
		{697A5E8E-9A67-4507-AAB2-9504A09A9151}.Debug|Any CPU.Build.0 = Debug|Any CPU
		{697A5E8E-9A67-4507-AAB2-9504A09A9151}.Debug|x64.ActiveCfg = Debug|Any CPU
		{697A5E8E-9A67-4507-AAB2-9504A09A9151}.Debug|x64.Build.0 = Debug|Any CPU
		{697A5E8E-9A67-4507-AAB2-9504A09A9151}.Debug|x86.ActiveCfg = Debug|Any CPU
		{697A5E8E-9A67-4507-AAB2-9504A09A9151}.Debug|x86.Build.0 = Debug|Any CPU
		{697A5E8E-9A67-4507-AAB2-9504A09A9151}.Release|Any CPU.ActiveCfg = Release|Any CPU
		{697A5E8E-9A67-4507-AAB2-9504A09A9151}.Release|Any CPU.Build.0 = Release|Any CPU
		{697A5E8E-9A67-4507-AAB2-9504A09A9151}.Release|x64.ActiveCfg = Release|Any CPU
		{697A5E8E-9A67-4507-AAB2-9504A09A9151}.Release|x64.Build.0 = Release|Any CPU
		{697A5E8E-9A67-4507-AAB2-9504A09A9151}.Release|x86.ActiveCfg = Release|Any CPU
		{697A5E8E-9A67-4507-AAB2-9504A09A9151}.Release|x86.Build.0 = Release|Any CPU
		{B09C4858-9F34-46BF-9F62-BFB4FC06EE95}.Debug|Any CPU.ActiveCfg = Debug|Any CPU
		{B09C4858-9F34-46BF-9F62-BFB4FC06EE95}.Debug|Any CPU.Build.0 = Debug|Any CPU
		{B09C4858-9F34-46BF-9F62-BFB4FC06EE95}.Debug|x64.ActiveCfg = Debug|Any CPU
		{B09C4858-9F34-46BF-9F62-BFB4FC06EE95}.Debug|x64.Build.0 = Debug|Any CPU
		{B09C4858-9F34-46BF-9F62-BFB4FC06EE95}.Debug|x86.ActiveCfg = Debug|Any CPU
		{B09C4858-9F34-46BF-9F62-BFB4FC06EE95}.Debug|x86.Build.0 = Debug|Any CPU
		{B09C4858-9F34-46BF-9F62-BFB4FC06EE95}.Release|Any CPU.ActiveCfg = Release|Any CPU
		{B09C4858-9F34-46BF-9F62-BFB4FC06EE95}.Release|Any CPU.Build.0 = Release|Any CPU
		{B09C4858-9F34-46BF-9F62-BFB4FC06EE95}.Release|x64.ActiveCfg = Release|Any CPU
		{B09C4858-9F34-46BF-9F62-BFB4FC06EE95}.Release|x64.Build.0 = Release|Any CPU
		{B09C4858-9F34-46BF-9F62-BFB4FC06EE95}.Release|x86.ActiveCfg = Release|Any CPU
		{B09C4858-9F34-46BF-9F62-BFB4FC06EE95}.Release|x86.Build.0 = Release|Any CPU
	EndGlobalSection
	GlobalSection(SolutionProperties) = preSolution
		HideSolutionNode = FALSE
	EndGlobalSection
	GlobalSection(NestedProjects) = preSolution
		{69C0E1E7-F3C8-4E3B-BED7-96DC60B76E6B} = {827E0CD3-B72D-47B6-A68D-7590B98EB39B}
		{1F601191-BD27-4BED-A243-1DC763F64FD5} = {69C0E1E7-F3C8-4E3B-BED7-96DC60B76E6B}
		{C1934328-13A2-4A7B-B96A-9DECF5982C2A} = {827E0CD3-B72D-47B6-A68D-7590B98EB39B}
		{6A7DE6B4-4391-468F-9722-4D6EEC8AAC9B} = {827E0CD3-B72D-47B6-A68D-7590B98EB39B}
		{7D4DEF50-0D89-4FB4-8A25-7727325CE8BE} = {827E0CD3-B72D-47B6-A68D-7590B98EB39B}
		{697A5E8E-9A67-4507-AAB2-9504A09A9151} = {6A7DE6B4-4391-468F-9722-4D6EEC8AAC9B}
		{B09C4858-9F34-46BF-9F62-BFB4FC06EE95} = {2FB38E42-FB65-475E-875D-FEA7A19B00FF}
	EndGlobalSection
EndGlobal
